// !$*UTF8*$!
{
	archiveVersion = 1;
	classes = {
	};
	objectVersion = 50;
	objects = {

/* Begin PBXBuildFile section */
		32B3E71F264E635A00D9F3AC /* QuestionLoader.swift in Sources */ = {isa = PBXBuildFile; fileRef = 32B3E71E264E635A00D9F3AC /* QuestionLoader.swift */; };
		32B3E741264EADEA00D9F3AC /* questions.db in Resources */ = {isa = PBXBuildFile; fileRef = 32B3E72F264EAA8D00D9F3AC /* questions.db */; };
		32DDE6DD264D644000A251EB /* QuestionModel.swift in Sources */ = {isa = PBXBuildFile; fileRef = 32DDE6DB264D644000A251EB /* QuestionModel.swift */; };
		32DDE6DE264D644000A251EB /* UserDataModel.swift in Sources */ = {isa = PBXBuildFile; fileRef = 32DDE6DC264D644000A251EB /* UserDataModel.swift */; };
		32DDE6F1264D646D00A251EB /* MainView.swift in Sources */ = {isa = PBXBuildFile; fileRef = 32DDE6EA264D646D00A251EB /* MainView.swift */; };
		32DDE6F2264D646D00A251EB /* FZSSJW.TTF in Resources */ = {isa = PBXBuildFile; fileRef = 32DDE6EC264D646D00A251EB /* FZSSJW.TTF */; };
		32DDE6F3264D646D00A251EB /* SmartFontUI.ttf in Resources */ = {isa = PBXBuildFile; fileRef = 32DDE6ED264D646D00A251EB /* SmartFontUI.ttf */; };
		32DDE6F4264D646D00A251EB /* CustomButtons.swift in Sources */ = {isa = PBXBuildFile; fileRef = 32DDE6EF264D646D00A251EB /* CustomButtons.swift */; };
		32DDE6F5264D646D00A251EB /* InfoModal.swift in Sources */ = {isa = PBXBuildFile; fileRef = 32DDE6F0264D646D00A251EB /* InfoModal.swift */; };
		3F641589264C4CF8002950CF /* HangGaiApp.swift in Sources */ = {isa = PBXBuildFile; fileRef = 3F641588264C4CF8002950CF /* HangGaiApp.swift */; };
		3F64158D264C4CF9002950CF /* Assets.xcassets in Resources */ = {isa = PBXBuildFile; fileRef = 3F64158C264C4CF9002950CF /* Assets.xcassets */; };
		3F641590264C4CF9002950CF /* Preview Assets.xcassets in Resources */ = {isa = PBXBuildFile; fileRef = 3F64158F264C4CF9002950CF /* Preview Assets.xcassets */; };
		3F6415BB264C518E002950CF /* CustomFuncs.swift in Sources */ = {isa = PBXBuildFile; fileRef = 3F6415BA264C518E002950CF /* CustomFuncs.swift */; };
		3F6572E0264FE131004F4650 /* QuestionNavigationModule.swift in Sources */ = {isa = PBXBuildFile; fileRef = 3F6572DF264FE131004F4650 /* QuestionNavigationModule.swift */; };
		3F6572E2264FED06004F4650 /* BoldText.swift in Sources */ = {isa = PBXBuildFile; fileRef = 3F6572E1264FED06004F4650 /* BoldText.swift */; };
		3F6572E626501241004F4650 /* CustomTransitions.swift in Sources */ = {isa = PBXBuildFile; fileRef = 3F6572E526501241004F4650 /* CustomTransitions.swift */; };
		3FE0B618264FCB94008167E1 /* QuestionModule.swift in Sources */ = {isa = PBXBuildFile; fileRef = 3FE0B617264FCB94008167E1 /* QuestionModule.swift */; };
		3FE0B61A264FCEB2008167E1 /* QuestionManager.swift in Sources */ = {isa = PBXBuildFile; fileRef = 3FE0B619264FCEB2008167E1 /* QuestionManager.swift */; };
		3FE0B61D264FD416008167E1 /* LocalDataManager.swift in Sources */ = {isa = PBXBuildFile; fileRef = 3FE0B61C264FD416008167E1 /* LocalDataManager.swift */; };
/* End PBXBuildFile section */

/* Begin PBXFileReference section */
		32B3E71E264E635A00D9F3AC /* QuestionLoader.swift */ = {isa = PBXFileReference; lastKnownFileType = sourcecode.swift; path = QuestionLoader.swift; sourceTree = "<group>"; };
		32B3E72F264EAA8D00D9F3AC /* questions.db */ = {isa = PBXFileReference; lastKnownFileType = file; path = questions.db; sourceTree = "<group>"; };
		32DDE6DB264D644000A251EB /* QuestionModel.swift */ = {isa = PBXFileReference; fileEncoding = 4; lastKnownFileType = sourcecode.swift; path = QuestionModel.swift; sourceTree = "<group>"; };
		32DDE6DC264D644000A251EB /* UserDataModel.swift */ = {isa = PBXFileReference; fileEncoding = 4; lastKnownFileType = sourcecode.swift; path = UserDataModel.swift; sourceTree = "<group>"; };
		32DDE6EA264D646D00A251EB /* MainView.swift */ = {isa = PBXFileReference; fileEncoding = 4; lastKnownFileType = sourcecode.swift; path = MainView.swift; sourceTree = "<group>"; };
		32DDE6EC264D646D00A251EB /* FZSSJW.TTF */ = {isa = PBXFileReference; lastKnownFileType = file; path = FZSSJW.TTF; sourceTree = "<group>"; };
		32DDE6ED264D646D00A251EB /* SmartFontUI.ttf */ = {isa = PBXFileReference; lastKnownFileType = file; path = SmartFontUI.ttf; sourceTree = "<group>"; };
		32DDE6EF264D646D00A251EB /* CustomButtons.swift */ = {isa = PBXFileReference; fileEncoding = 4; lastKnownFileType = sourcecode.swift; path = CustomButtons.swift; sourceTree = "<group>"; };
		32DDE6F0264D646D00A251EB /* InfoModal.swift */ = {isa = PBXFileReference; fileEncoding = 4; lastKnownFileType = sourcecode.swift; path = InfoModal.swift; sourceTree = "<group>"; };
		3F641585264C4CF8002950CF /* HangGai.app */ = {isa = PBXFileReference; explicitFileType = wrapper.application; includeInIndex = 0; path = HangGai.app; sourceTree = BUILT_PRODUCTS_DIR; };
		3F641588264C4CF8002950CF /* HangGaiApp.swift */ = {isa = PBXFileReference; lastKnownFileType = sourcecode.swift; path = HangGaiApp.swift; sourceTree = "<group>"; };
		3F64158C264C4CF9002950CF /* Assets.xcassets */ = {isa = PBXFileReference; lastKnownFileType = folder.assetcatalog; path = Assets.xcassets; sourceTree = "<group>"; };
		3F64158F264C4CF9002950CF /* Preview Assets.xcassets */ = {isa = PBXFileReference; lastKnownFileType = folder.assetcatalog; path = "Preview Assets.xcassets"; sourceTree = "<group>"; };
		3F641591264C4CF9002950CF /* Info.plist */ = {isa = PBXFileReference; lastKnownFileType = text.plist.xml; path = Info.plist; sourceTree = "<group>"; };
		3F6415BA264C518E002950CF /* CustomFuncs.swift */ = {isa = PBXFileReference; fileEncoding = 4; lastKnownFileType = sourcecode.swift; path = CustomFuncs.swift; sourceTree = "<group>"; };
		3F6572DF264FE131004F4650 /* QuestionNavigationModule.swift */ = {isa = PBXFileReference; lastKnownFileType = sourcecode.swift; path = QuestionNavigationModule.swift; sourceTree = "<group>"; };
		3F6572E1264FED06004F4650 /* BoldText.swift */ = {isa = PBXFileReference; lastKnownFileType = sourcecode.swift; path = BoldText.swift; sourceTree = "<group>"; };
		3F6572E526501241004F4650 /* CustomTransitions.swift */ = {isa = PBXFileReference; lastKnownFileType = sourcecode.swift; path = CustomTransitions.swift; sourceTree = "<group>"; };
		3FE0B617264FCB94008167E1 /* QuestionModule.swift */ = {isa = PBXFileReference; lastKnownFileType = sourcecode.swift; path = QuestionModule.swift; sourceTree = "<group>"; };
		3FE0B619264FCEB2008167E1 /* QuestionManager.swift */ = {isa = PBXFileReference; lastKnownFileType = sourcecode.swift; path = QuestionManager.swift; sourceTree = "<group>"; };
		3FE0B61C264FD416008167E1 /* LocalDataManager.swift */ = {isa = PBXFileReference; lastKnownFileType = sourcecode.swift; path = LocalDataManager.swift; sourceTree = "<group>"; };
/* End PBXFileReference section */

/* Begin PBXFrameworksBuildPhase section */
		3F641582264C4CF8002950CF /* Frameworks */ = {
			isa = PBXFrameworksBuildPhase;
			buildActionMask = 2147483647;
			files = (
			);
			runOnlyForDeploymentPostprocessing = 0;
		};
/* End PBXFrameworksBuildPhase section */

/* Begin PBXGroup section */
		321FF654264FA55A00AAF1AD /* ViewModels */ = {
			isa = PBXGroup;
			children = (
			);
			path = ViewModels;
			sourceTree = "<group>";
		};
		32B3E72D264EAA5300D9F3AC /* Assets */ = {
			isa = PBXGroup;
			children = (
				32DDE6EB264D646D00A251EB /* fonts */,
				32B3E72E264EAA6600D9F3AC /* db */,
			);
			path = Assets;
			sourceTree = "<group>";
		};
		32B3E72E264EAA6600D9F3AC /* db */ = {
			isa = PBXGroup;
			children = (
				32B3E72F264EAA8D00D9F3AC /* questions.db */,
			);
			path = db;
			sourceTree = "<group>";
		};
		32DDE6DA264D644000A251EB /* Models */ = {
			isa = PBXGroup;
			children = (
				32DDE6DB264D644000A251EB /* QuestionModel.swift */,
				32DDE6DC264D644000A251EB /* UserDataModel.swift */,
			);
			path = Models;
			sourceTree = "<group>";
		};
		32DDE6E9264D646D00A251EB /* Views */ = {
			isa = PBXGroup;
			children = (
				32DDE6F0264D646D00A251EB /* InfoModal.swift */,
				32DDE6EA264D646D00A251EB /* MainView.swift */,
				32DDE6EE264D646D00A251EB /* Components */,
			);
			path = Views;
			sourceTree = "<group>";
		};
		32DDE6EB264D646D00A251EB /* fonts */ = {
			isa = PBXGroup;
			children = (
				32DDE6EC264D646D00A251EB /* FZSSJW.TTF */,
				32DDE6ED264D646D00A251EB /* SmartFontUI.ttf */,
			);
			path = fonts;
			sourceTree = "<group>";
		};
		32DDE6EE264D646D00A251EB /* Components */ = {
			isa = PBXGroup;
			children = (
				32DDE6EF264D646D00A251EB /* CustomButtons.swift */,
				3FE0B617264FCB94008167E1 /* QuestionModule.swift */,
				3F6572DF264FE131004F4650 /* QuestionNavigationModule.swift */,
				3F6572E1264FED06004F4650 /* BoldText.swift */,
			);
			path = Components;
			sourceTree = "<group>";
		};
		3F64157C264C4CF8002950CF = {
			isa = PBXGroup;
			children = (
				3F641587264C4CF8002950CF /* HangGai */,
				3F641586264C4CF8002950CF /* Products */,
			);
			sourceTree = "<group>";
		};
		3F641586264C4CF8002950CF /* Products */ = {
			isa = PBXGroup;
			children = (
				3F641585264C4CF8002950CF /* HangGai.app */,
			);
			name = Products;
			sourceTree = "<group>";
		};
		3F641587264C4CF8002950CF /* HangGai */ = {
			isa = PBXGroup;
			children = (
				321FF654264FA55A00AAF1AD /* ViewModels */,
				32B3E72D264EAA5300D9F3AC /* Assets */,
				32DDE6E9264D646D00A251EB /* Views */,
				32DDE6DA264D644000A251EB /* Models */,
				3F6415B9264C5185002950CF /* Utilities */,
				3FE0B61B264FD3CA008167E1 /* Data */,
				3F641588264C4CF8002950CF /* HangGaiApp.swift */,
				3F64158C264C4CF9002950CF /* Assets.xcassets */,
				3F641591264C4CF9002950CF /* Info.plist */,
				3F64158E264C4CF9002950CF /* Preview Content */,
			);
			path = HangGai;
			sourceTree = "<group>";
		};
		3F64158E264C4CF9002950CF /* Preview Content */ = {
			isa = PBXGroup;
			children = (
				3F64158F264C4CF9002950CF /* Preview Assets.xcassets */,
			);
			path = "Preview Content";
			sourceTree = "<group>";
		};
		3F6415B9264C5185002950CF /* Utilities */ = {
			isa = PBXGroup;
			children = (
				3F6415BA264C518E002950CF /* CustomFuncs.swift */,
				32B3E71E264E635A00D9F3AC /* QuestionLoader.swift */,
				3F6572E526501241004F4650 /* CustomTransitions.swift */,
			);
			path = Utilities;
			sourceTree = "<group>";
		};
		3FE0B61B264FD3CA008167E1 /* Data */ = {
			isa = PBXGroup;
			children = (
				3FE0B619264FCEB2008167E1 /* QuestionManager.swift */,
				3FE0B61C264FD416008167E1 /* LocalDataManager.swift */,
			);
			path = Data;
			sourceTree = "<group>";
		};
/* End PBXGroup section */

/* Begin PBXNativeTarget section */
		3F641584264C4CF8002950CF /* HangGai */ = {
			isa = PBXNativeTarget;
			buildConfigurationList = 3F6415AA264C4CF9002950CF /* Build configuration list for PBXNativeTarget "HangGai" */;
			buildPhases = (
				3F641581264C4CF8002950CF /* Sources */,
				3F641582264C4CF8002950CF /* Frameworks */,
				3F641583264C4CF8002950CF /* Resources */,
			);
			buildRules = (
			);
			dependencies = (
			);
			name = HangGai;
			productName = HangGai;
			productReference = 3F641585264C4CF8002950CF /* HangGai.app */;
			productType = "com.apple.product-type.application";
		};
/* End PBXNativeTarget section */

/* Begin PBXProject section */
		3F64157D264C4CF8002950CF /* Project object */ = {
			isa = PBXProject;
			attributes = {
				LastSwiftUpdateCheck = 1250;
				LastUpgradeCheck = 1250;
				TargetAttributes = {
					3F641584264C4CF8002950CF = {
						CreatedOnToolsVersion = 12.5;
					};
				};
			};
			buildConfigurationList = 3F641580264C4CF8002950CF /* Build configuration list for PBXProject "HangGai" */;
			compatibilityVersion = "Xcode 9.3";
			developmentRegion = en;
			hasScannedForEncodings = 0;
			knownRegions = (
				en,
				Base,
			);
			mainGroup = 3F64157C264C4CF8002950CF;
			productRefGroup = 3F641586264C4CF8002950CF /* Products */;
			projectDirPath = "";
			projectRoot = "";
			targets = (
				3F641584264C4CF8002950CF /* HangGai */,
			);
		};
/* End PBXProject section */

/* Begin PBXResourcesBuildPhase section */
		3F641583264C4CF8002950CF /* Resources */ = {
			isa = PBXResourcesBuildPhase;
			buildActionMask = 2147483647;
			files = (
				3F641590264C4CF9002950CF /* Preview Assets.xcassets in Resources */,
				32B3E741264EADEA00D9F3AC /* questions.db in Resources */,
				32DDE6F2264D646D00A251EB /* FZSSJW.TTF in Resources */,
				3F64158D264C4CF9002950CF /* Assets.xcassets in Resources */,
				32DDE6F3264D646D00A251EB /* SmartFontUI.ttf in Resources */,
			);
			runOnlyForDeploymentPostprocessing = 0;
		};
/* End PBXResourcesBuildPhase section */

/* Begin PBXSourcesBuildPhase section */
		3F641581264C4CF8002950CF /* Sources */ = {
			isa = PBXSourcesBuildPhase;
			buildActionMask = 2147483647;
			files = (
				3F6572E2264FED06004F4650 /* BoldText.swift in Sources */,
				32DDE6DE264D644000A251EB /* UserDataModel.swift in Sources */,
				3F641589264C4CF8002950CF /* HangGaiApp.swift in Sources */,
				32DDE6DD264D644000A251EB /* QuestionModel.swift in Sources */,
				3F6572E0264FE131004F4650 /* QuestionNavigationModule.swift in Sources */,
				3FE0B61A264FCEB2008167E1 /* QuestionManager.swift in Sources */,
				3FE0B61D264FD416008167E1 /* LocalDataManager.swift in Sources */,
				32B3E71F264E635A00D9F3AC /* QuestionLoader.swift in Sources */,
				32DDE6F1264D646D00A251EB /* MainView.swift in Sources */,
				3FE0B618264FCB94008167E1 /* QuestionModule.swift in Sources */,
				32DDE6F5264D646D00A251EB /* InfoModal.swift in Sources */,
				32DDE6F4264D646D00A251EB /* CustomButtons.swift in Sources */,
				3F6415BB264C518E002950CF /* CustomFuncs.swift in Sources */,
				3F6572E626501241004F4650 /* CustomTransitions.swift in Sources */,
			);
			runOnlyForDeploymentPostprocessing = 0;
		};
/* End PBXSourcesBuildPhase section */

/* Begin XCBuildConfiguration section */
		3F6415A8264C4CF9002950CF /* Debug */ = {
			isa = XCBuildConfiguration;
			buildSettings = {
				ALWAYS_SEARCH_USER_PATHS = NO;
				CLANG_ANALYZER_NONNULL = YES;
				CLANG_ANALYZER_NUMBER_OBJECT_CONVERSION = YES_AGGRESSIVE;
				CLANG_CXX_LANGUAGE_STANDARD = "gnu++14";
				CLANG_CXX_LIBRARY = "libc++";
				CLANG_ENABLE_MODULES = YES;
				CLANG_ENABLE_OBJC_ARC = YES;
				CLANG_ENABLE_OBJC_WEAK = YES;
				CLANG_WARN_BLOCK_CAPTURE_AUTORELEASING = YES;
				CLANG_WARN_BOOL_CONVERSION = YES;
				CLANG_WARN_COMMA = YES;
				CLANG_WARN_CONSTANT_CONVERSION = YES;
				CLANG_WARN_DEPRECATED_OBJC_IMPLEMENTATIONS = YES;
				CLANG_WARN_DIRECT_OBJC_ISA_USAGE = YES_ERROR;
				CLANG_WARN_DOCUMENTATION_COMMENTS = YES;
				CLANG_WARN_EMPTY_BODY = YES;
				CLANG_WARN_ENUM_CONVERSION = YES;
				CLANG_WARN_INFINITE_RECURSION = YES;
				CLANG_WARN_INT_CONVERSION = YES;
				CLANG_WARN_NON_LITERAL_NULL_CONVERSION = YES;
				CLANG_WARN_OBJC_IMPLICIT_RETAIN_SELF = YES;
				CLANG_WARN_OBJC_LITERAL_CONVERSION = YES;
				CLANG_WARN_OBJC_ROOT_CLASS = YES_ERROR;
				CLANG_WARN_QUOTED_INCLUDE_IN_FRAMEWORK_HEADER = YES;
				CLANG_WARN_RANGE_LOOP_ANALYSIS = YES;
				CLANG_WARN_STRICT_PROTOTYPES = YES;
				CLANG_WARN_SUSPICIOUS_MOVE = YES;
				CLANG_WARN_UNGUARDED_AVAILABILITY = YES_AGGRESSIVE;
				CLANG_WARN_UNREACHABLE_CODE = YES;
				CLANG_WARN__DUPLICATE_METHOD_MATCH = YES;
				COPY_PHASE_STRIP = NO;
				DEBUG_INFORMATION_FORMAT = dwarf;
				ENABLE_STRICT_OBJC_MSGSEND = YES;
				ENABLE_TESTABILITY = YES;
				GCC_C_LANGUAGE_STANDARD = gnu11;
				GCC_DYNAMIC_NO_PIC = NO;
				GCC_NO_COMMON_BLOCKS = YES;
				GCC_OPTIMIZATION_LEVEL = 0;
				GCC_PREPROCESSOR_DEFINITIONS = (
					"DEBUG=1",
					"$(inherited)",
				);
				GCC_WARN_64_TO_32_BIT_CONVERSION = YES;
				GCC_WARN_ABOUT_RETURN_TYPE = YES_ERROR;
				GCC_WARN_UNDECLARED_SELECTOR = YES;
				GCC_WARN_UNINITIALIZED_AUTOS = YES_AGGRESSIVE;
				GCC_WARN_UNUSED_FUNCTION = YES;
				GCC_WARN_UNUSED_VARIABLE = YES;
				IPHONEOS_DEPLOYMENT_TARGET = 14.5;
				MTL_ENABLE_DEBUG_INFO = INCLUDE_SOURCE;
				MTL_FAST_MATH = YES;
				ONLY_ACTIVE_ARCH = YES;
				SDKROOT = iphoneos;
				SWIFT_ACTIVE_COMPILATION_CONDITIONS = DEBUG;
				SWIFT_OPTIMIZATION_LEVEL = "-Onone";
			};
			name = Debug;
		};
		3F6415A9264C4CF9002950CF /* Release */ = {
			isa = XCBuildConfiguration;
			buildSettings = {
				ALWAYS_SEARCH_USER_PATHS = NO;
				CLANG_ANALYZER_NONNULL = YES;
				CLANG_ANALYZER_NUMBER_OBJECT_CONVERSION = YES_AGGRESSIVE;
				CLANG_CXX_LANGUAGE_STANDARD = "gnu++14";
				CLANG_CXX_LIBRARY = "libc++";
				CLANG_ENABLE_MODULES = YES;
				CLANG_ENABLE_OBJC_ARC = YES;
				CLANG_ENABLE_OBJC_WEAK = YES;
				CLANG_WARN_BLOCK_CAPTURE_AUTORELEASING = YES;
				CLANG_WARN_BOOL_CONVERSION = YES;
				CLANG_WARN_COMMA = YES;
				CLANG_WARN_CONSTANT_CONVERSION = YES;
				CLANG_WARN_DEPRECATED_OBJC_IMPLEMENTATIONS = YES;
				CLANG_WARN_DIRECT_OBJC_ISA_USAGE = YES_ERROR;
				CLANG_WARN_DOCUMENTATION_COMMENTS = YES;
				CLANG_WARN_EMPTY_BODY = YES;
				CLANG_WARN_ENUM_CONVERSION = YES;
				CLANG_WARN_INFINITE_RECURSION = YES;
				CLANG_WARN_INT_CONVERSION = YES;
				CLANG_WARN_NON_LITERAL_NULL_CONVERSION = YES;
				CLANG_WARN_OBJC_IMPLICIT_RETAIN_SELF = YES;
				CLANG_WARN_OBJC_LITERAL_CONVERSION = YES;
				CLANG_WARN_OBJC_ROOT_CLASS = YES_ERROR;
				CLANG_WARN_QUOTED_INCLUDE_IN_FRAMEWORK_HEADER = YES;
				CLANG_WARN_RANGE_LOOP_ANALYSIS = YES;
				CLANG_WARN_STRICT_PROTOTYPES = YES;
				CLANG_WARN_SUSPICIOUS_MOVE = YES;
				CLANG_WARN_UNGUARDED_AVAILABILITY = YES_AGGRESSIVE;
				CLANG_WARN_UNREACHABLE_CODE = YES;
				CLANG_WARN__DUPLICATE_METHOD_MATCH = YES;
				COPY_PHASE_STRIP = NO;
				DEBUG_INFORMATION_FORMAT = "dwarf-with-dsym";
				ENABLE_NS_ASSERTIONS = NO;
				ENABLE_STRICT_OBJC_MSGSEND = YES;
				GCC_C_LANGUAGE_STANDARD = gnu11;
				GCC_NO_COMMON_BLOCKS = YES;
				GCC_WARN_64_TO_32_BIT_CONVERSION = YES;
				GCC_WARN_ABOUT_RETURN_TYPE = YES_ERROR;
				GCC_WARN_UNDECLARED_SELECTOR = YES;
				GCC_WARN_UNINITIALIZED_AUTOS = YES_AGGRESSIVE;
				GCC_WARN_UNUSED_FUNCTION = YES;
				GCC_WARN_UNUSED_VARIABLE = YES;
				IPHONEOS_DEPLOYMENT_TARGET = 14.5;
				MTL_ENABLE_DEBUG_INFO = NO;
				MTL_FAST_MATH = YES;
				SDKROOT = iphoneos;
				SWIFT_COMPILATION_MODE = wholemodule;
				SWIFT_OPTIMIZATION_LEVEL = "-O";
				VALIDATE_PRODUCT = YES;
			};
			name = Release;
		};
		3F6415AB264C4CF9002950CF /* Debug */ = {
			isa = XCBuildConfiguration;
			buildSettings = {
				ASSETCATALOG_COMPILER_APPICON_NAME = AppIcon;
				ASSETCATALOG_COMPILER_GLOBAL_ACCENT_COLOR_NAME = AccentColor;
				CODE_SIGN_STYLE = Automatic;
				DEVELOPMENT_ASSET_PATHS = "\"HangGai/Preview Content\"";
				DEVELOPMENT_TEAM = ZMTNTXNK98;
				ENABLE_PREVIEWS = YES;
				INFOPLIST_FILE = HangGai/Info.plist;
				IPHONEOS_DEPLOYMENT_TARGET = 14.0;
				LD_RUNPATH_SEARCH_PATHS = (
					"$(inherited)",
					"@executable_path/Frameworks",
				);
				PRODUCT_BUNDLE_IDENTIFIER = Taki.HangGai;
				PRODUCT_NAME = "$(TARGET_NAME)";
				SWIFT_VERSION = 5.0;
				TARGETED_DEVICE_FAMILY = "1,2";
			};
			name = Debug;
		};
		3F6415AC264C4CF9002950CF /* Release */ = {
			isa = XCBuildConfiguration;
			buildSettings = {
				ASSETCATALOG_COMPILER_APPICON_NAME = AppIcon;
				ASSETCATALOG_COMPILER_GLOBAL_ACCENT_COLOR_NAME = AccentColor;
				CODE_SIGN_STYLE = Automatic;
				DEVELOPMENT_ASSET_PATHS = "\"HangGai/Preview Content\"";
				DEVELOPMENT_TEAM = ZMTNTXNK98;
				ENABLE_PREVIEWS = YES;
				INFOPLIST_FILE = HangGai/Info.plist;
				IPHONEOS_DEPLOYMENT_TARGET = 14.0;
				LD_RUNPATH_SEARCH_PATHS = (
					"$(inherited)",
					"@executable_path/Frameworks",
				);
				PRODUCT_BUNDLE_IDENTIFIER = Taki.HangGai;
				PRODUCT_NAME = "$(TARGET_NAME)";
				SWIFT_VERSION = 5.0;
				TARGETED_DEVICE_FAMILY = "1,2";
			};
			name = Release;
		};
/* End XCBuildConfiguration section */

/* Begin XCConfigurationList section */
		3F641580264C4CF8002950CF /* Build configuration list for PBXProject "HangGai" */ = {
			isa = XCConfigurationList;
			buildConfigurations = (
				3F6415A8264C4CF9002950CF /* Debug */,
				3F6415A9264C4CF9002950CF /* Release */,
			);
			defaultConfigurationIsVisible = 0;
			defaultConfigurationName = Release;
		};
		3F6415AA264C4CF9002950CF /* Build configuration list for PBXNativeTarget "HangGai" */ = {
			isa = XCConfigurationList;
			buildConfigurations = (
				3F6415AB264C4CF9002950CF /* Debug */,
				3F6415AC264C4CF9002950CF /* Release */,
			);
			defaultConfigurationIsVisible = 0;
			defaultConfigurationName = Release;
		};
/* End XCConfigurationList section */
	};
	rootObject = 3F64157D264C4CF8002950CF /* Project object */;
}
