// !$*UTF8*$!
{
	archiveVersion = 1;
	classes = {
	};
	objectVersion = 50;
	objects = {

/* Begin PBXBuildFile section */
		322050F126602E6D0078A9D5 /* questions.db in Resources */ = {isa = PBXBuildFile; fileRef = 3220505A26602E6D0078A9D5 /* questions.db */; };
		322050F226602E6D0078A9D5 /* FZSSJW.TTF in Resources */ = {isa = PBXBuildFile; fileRef = 3220505C26602E6D0078A9D5 /* FZSSJW.TTF */; };
		322050F326602E6D0078A9D5 /* SmartFontUI.ttf in Resources */ = {isa = PBXBuildFile; fileRef = 3220505D26602E6D0078A9D5 /* SmartFontUI.ttf */; };
		3220524E2660308F0078A9D5 /* 779h.png in Resources */ = {isa = PBXBuildFile; fileRef = 3220521F2660308D0078A9D5 /* 779h.png */; };
		3220524F2660308F0078A9D5 /* 906h.png in Resources */ = {isa = PBXBuildFile; fileRef = 322052202660308D0078A9D5 /* 906h.png */; };
		322052502660308F0078A9D5 /* 655h.png in Resources */ = {isa = PBXBuildFile; fileRef = 322052212660308D0078A9D5 /* 655h.png */; };
		322052512660308F0078A9D5 /* 657h.png in Resources */ = {isa = PBXBuildFile; fileRef = 322052222660308D0078A9D5 /* 657h.png */; };
		322052522660308F0078A9D5 /* 664h.png in Resources */ = {isa = PBXBuildFile; fileRef = 322052232660308D0078A9D5 /* 664h.png */; };
		322052532660308F0078A9D5 /* 697h.png in Resources */ = {isa = PBXBuildFile; fileRef = 322052242660308D0078A9D5 /* 697h.png */; };
		322052542660308F0078A9D5 /* 678h.png in Resources */ = {isa = PBXBuildFile; fileRef = 322052252660308D0078A9D5 /* 678h.png */; };
		322052552660308F0078A9D5 /* 698h.png in Resources */ = {isa = PBXBuildFile; fileRef = 322052262660308D0078A9D5 /* 698h.png */; };
		322052562660308F0078A9D5 /* 775h.png in Resources */ = {isa = PBXBuildFile; fileRef = 322052272660308D0078A9D5 /* 775h.png */; };
		322052572660308F0078A9D5 /* 694h.png in Resources */ = {isa = PBXBuildFile; fileRef = 322052282660308D0078A9D5 /* 694h.png */; };
		322052582660308F0078A9D5 /* 692h.png in Resources */ = {isa = PBXBuildFile; fileRef = 322052292660308D0078A9D5 /* 692h.png */; };
		322052592660308F0078A9D5 /* 679h.png in Resources */ = {isa = PBXBuildFile; fileRef = 3220522A2660308D0078A9D5 /* 679h.png */; };
		3220525A2660308F0078A9D5 /* 709h.png in Resources */ = {isa = PBXBuildFile; fileRef = 3220522B2660308D0078A9D5 /* 709h.png */; };
		3220525B2660308F0078A9D5 /* 773h.png in Resources */ = {isa = PBXBuildFile; fileRef = 3220522C2660308E0078A9D5 /* 773h.png */; };
		3220525C2660308F0078A9D5 /* 652h.png in Resources */ = {isa = PBXBuildFile; fileRef = 3220522D2660308E0078A9D5 /* 652h.png */; };
		3220525D2660308F0078A9D5 /* 705h.png in Resources */ = {isa = PBXBuildFile; fileRef = 3220522E2660308E0078A9D5 /* 705h.png */; };
		3220525E2660308F0078A9D5 /* 900h.png in Resources */ = {isa = PBXBuildFile; fileRef = 3220522F2660308E0078A9D5 /* 900h.png */; };
		3220525F2660308F0078A9D5 /* 908h.png in Resources */ = {isa = PBXBuildFile; fileRef = 322052302660308E0078A9D5 /* 908h.png */; };
		322052602660308F0078A9D5 /* 990h.png in Resources */ = {isa = PBXBuildFile; fileRef = 322052312660308E0078A9D5 /* 990h.png */; };
		322052612660308F0078A9D5 /* 989h.png in Resources */ = {isa = PBXBuildFile; fileRef = 322052322660308E0078A9D5 /* 989h.png */; };
		322052622660308F0078A9D5 /* 665h.png in Resources */ = {isa = PBXBuildFile; fileRef = 322052332660308E0078A9D5 /* 665h.png */; };
		322052632660308F0078A9D5 /* 693h.png in Resources */ = {isa = PBXBuildFile; fileRef = 322052342660308E0078A9D5 /* 693h.png */; };
		322052642660308F0078A9D5 /* 781h.png in Resources */ = {isa = PBXBuildFile; fileRef = 322052352660308E0078A9D5 /* 781h.png */; };
		322052652660308F0078A9D5 /* 658h.png in Resources */ = {isa = PBXBuildFile; fileRef = 322052362660308E0078A9D5 /* 658h.png */; };
		322052662660308F0078A9D5 /* 695h.png in Resources */ = {isa = PBXBuildFile; fileRef = 322052372660308E0078A9D5 /* 695h.png */; };
		322052672660308F0078A9D5 /* 677h.png in Resources */ = {isa = PBXBuildFile; fileRef = 322052382660308E0078A9D5 /* 677h.png */; };
		322052682660308F0078A9D5 /* 696h.png in Resources */ = {isa = PBXBuildFile; fileRef = 322052392660308E0078A9D5 /* 696h.png */; };
		322052692660308F0078A9D5 /* 901h.png in Resources */ = {isa = PBXBuildFile; fileRef = 3220523A2660308E0078A9D5 /* 901h.png */; };
		3220526A2660308F0078A9D5 /* 676h.png in Resources */ = {isa = PBXBuildFile; fileRef = 3220523B2660308E0078A9D5 /* 676h.png */; };
		3220526B2660308F0078A9D5 /* 708h.png in Resources */ = {isa = PBXBuildFile; fileRef = 3220523C2660308E0078A9D5 /* 708h.png */; };
		3220526C2660308F0078A9D5 /* 706h.png in Resources */ = {isa = PBXBuildFile; fileRef = 3220523D2660308E0078A9D5 /* 706h.png */; };
		3220526D2660308F0078A9D5 /* 653h.png in Resources */ = {isa = PBXBuildFile; fileRef = 3220523E2660308E0078A9D5 /* 653h.png */; };
		3220526E2660308F0078A9D5 /* 958h.png in Resources */ = {isa = PBXBuildFile; fileRef = 3220523F2660308E0078A9D5 /* 958h.png */; };
		3220526F2660308F0078A9D5 /* 911h.png in Resources */ = {isa = PBXBuildFile; fileRef = 322052402660308E0078A9D5 /* 911h.png */; };
		322052702660308F0078A9D5 /* 663h.png in Resources */ = {isa = PBXBuildFile; fileRef = 322052412660308E0078A9D5 /* 663h.png */; };
		322052712660308F0078A9D5 /* 707h.png in Resources */ = {isa = PBXBuildFile; fileRef = 322052422660308E0078A9D5 /* 707h.png */; };
		322052722660308F0078A9D5 /* 785h.png in Resources */ = {isa = PBXBuildFile; fileRef = 322052432660308E0078A9D5 /* 785h.png */; };
		322052732660308F0078A9D5 /* 899h.png in Resources */ = {isa = PBXBuildFile; fileRef = 322052442660308E0078A9D5 /* 899h.png */; };
		322052742660308F0078A9D5 /* 651h.png in Resources */ = {isa = PBXBuildFile; fileRef = 322052452660308E0078A9D5 /* 651h.png */; };
		322052752660308F0078A9D5 /* 656h.png in Resources */ = {isa = PBXBuildFile; fileRef = 322052462660308E0078A9D5 /* 656h.png */; };
		322052762660308F0078A9D5 /* 650h.png in Resources */ = {isa = PBXBuildFile; fileRef = 322052472660308E0078A9D5 /* 650h.png */; };
		322052772660308F0078A9D5 /* 780h.png in Resources */ = {isa = PBXBuildFile; fileRef = 322052482660308E0078A9D5 /* 780h.png */; };
		322052782660308F0078A9D5 /* 902h.png in Resources */ = {isa = PBXBuildFile; fileRef = 322052492660308E0078A9D5 /* 902h.png */; };
		322052792660308F0078A9D5 /* 703h.png in Resources */ = {isa = PBXBuildFile; fileRef = 3220524A2660308E0078A9D5 /* 703h.png */; };
		3220527A2660308F0078A9D5 /* 704h.png in Resources */ = {isa = PBXBuildFile; fileRef = 3220524B2660308E0078A9D5 /* 704h.png */; };
		3220527B2660308F0078A9D5 /* 910h.png in Resources */ = {isa = PBXBuildFile; fileRef = 3220524C2660308E0078A9D5 /* 910h.png */; };
		3220527C2660308F0078A9D5 /* 905h.png in Resources */ = {isa = PBXBuildFile; fileRef = 3220524D2660308F0078A9D5 /* 905h.png */; };
		3220527F266031AC0078A9D5 /* DataStorage.swift in Sources */ = {isa = PBXBuildFile; fileRef = 3220527E266031AC0078A9D5 /* DataStorage.swift */; };
		32B3E71F264E635A00D9F3AC /* QuestionLoader.swift in Sources */ = {isa = PBXBuildFile; fileRef = 32B3E71E264E635A00D9F3AC /* QuestionLoader.swift */; };
		32DDE6DD264D644000A251EB /* QuestionModel.swift in Sources */ = {isa = PBXBuildFile; fileRef = 32DDE6DB264D644000A251EB /* QuestionModel.swift */; };
		32DDE6DE264D644000A251EB /* UserQuestionStatusModel.swift in Sources */ = {isa = PBXBuildFile; fileRef = 32DDE6DC264D644000A251EB /* UserQuestionStatusModel.swift */; };
		32DDE6F1264D646D00A251EB /* MainView.swift in Sources */ = {isa = PBXBuildFile; fileRef = 32DDE6EA264D646D00A251EB /* MainView.swift */; };
		32DDE6F4264D646D00A251EB /* CustomButtons.swift in Sources */ = {isa = PBXBuildFile; fileRef = 32DDE6EF264D646D00A251EB /* CustomButtons.swift */; };
		32DDE6F5264D646D00A251EB /* InfoModal.swift in Sources */ = {isa = PBXBuildFile; fileRef = 32DDE6F0264D646D00A251EB /* InfoModal.swift */; };
		3F641589264C4CF8002950CF /* HangGaiApp.swift in Sources */ = {isa = PBXBuildFile; fileRef = 3F641588264C4CF8002950CF /* HangGaiApp.swift */; };
		3F64158D264C4CF9002950CF /* Assets.xcassets in Resources */ = {isa = PBXBuildFile; fileRef = 3F64158C264C4CF9002950CF /* Assets.xcassets */; };
		3F641590264C4CF9002950CF /* Preview Assets.xcassets in Resources */ = {isa = PBXBuildFile; fileRef = 3F64158F264C4CF9002950CF /* Preview Assets.xcassets */; };
		3F6415BB264C518E002950CF /* CustomFuncs.swift in Sources */ = {isa = PBXBuildFile; fileRef = 3F6415BA264C518E002950CF /* CustomFuncs.swift */; };
		3F6572E0264FE131004F4650 /* QuestionNavigationModule.swift in Sources */ = {isa = PBXBuildFile; fileRef = 3F6572DF264FE131004F4650 /* QuestionNavigationModule.swift */; };
		3F6572E2264FED06004F4650 /* BoldText.swift in Sources */ = {isa = PBXBuildFile; fileRef = 3F6572E1264FED06004F4650 /* BoldText.swift */; };
		3F6572E626501241004F4650 /* CustomTransitions.swift in Sources */ = {isa = PBXBuildFile; fileRef = 3F6572E526501241004F4650 /* CustomTransitions.swift */; };
		3F8F7C242658F56E008AA07A /* BottomToolBox.swift in Sources */ = {isa = PBXBuildFile; fileRef = 3F8F7C232658F56E008AA07A /* BottomToolBox.swift */; };
		3FA2B9A8265931B200D35D64 /* QuestionChapterStatus.swift in Sources */ = {isa = PBXBuildFile; fileRef = 3FA2B9A7265931B200D35D64 /* QuestionChapterStatus.swift */; };
		3FE0B618264FCB94008167E1 /* QuestionModule.swift in Sources */ = {isa = PBXBuildFile; fileRef = 3FE0B617264FCB94008167E1 /* QuestionModule.swift */; };
		3FE0B61A264FCEB2008167E1 /* QuestionManager.swift in Sources */ = {isa = PBXBuildFile; fileRef = 3FE0B619264FCEB2008167E1 /* QuestionManager.swift */; };
		3FE0B61D264FD416008167E1 /* UserDataManager.swift in Sources */ = {isa = PBXBuildFile; fileRef = 3FE0B61C264FD416008167E1 /* UserDataManager.swift */; };
/* End PBXBuildFile section */

/* Begin PBXFileReference section */
		3220505A26602E6D0078A9D5 /* questions.db */ = {isa = PBXFileReference; lastKnownFileType = file; path = questions.db; sourceTree = "<group>"; };
		3220505C26602E6D0078A9D5 /* FZSSJW.TTF */ = {isa = PBXFileReference; lastKnownFileType = file; path = FZSSJW.TTF; sourceTree = "<group>"; };
		3220505D26602E6D0078A9D5 /* SmartFontUI.ttf */ = {isa = PBXFileReference; lastKnownFileType = file; path = SmartFontUI.ttf; sourceTree = "<group>"; };
		3220521F2660308D0078A9D5 /* 779h.png */ = {isa = PBXFileReference; lastKnownFileType = image.png; path = 779h.png; sourceTree = "<group>"; };
		322052202660308D0078A9D5 /* 906h.png */ = {isa = PBXFileReference; lastKnownFileType = image.png; path = 906h.png; sourceTree = "<group>"; };
		322052212660308D0078A9D5 /* 655h.png */ = {isa = PBXFileReference; lastKnownFileType = image.png; path = 655h.png; sourceTree = "<group>"; };
		322052222660308D0078A9D5 /* 657h.png */ = {isa = PBXFileReference; lastKnownFileType = image.png; path = 657h.png; sourceTree = "<group>"; };
		322052232660308D0078A9D5 /* 664h.png */ = {isa = PBXFileReference; lastKnownFileType = image.png; path = 664h.png; sourceTree = "<group>"; };
		322052242660308D0078A9D5 /* 697h.png */ = {isa = PBXFileReference; lastKnownFileType = image.png; path = 697h.png; sourceTree = "<group>"; };
		322052252660308D0078A9D5 /* 678h.png */ = {isa = PBXFileReference; lastKnownFileType = image.png; path = 678h.png; sourceTree = "<group>"; };
		322052262660308D0078A9D5 /* 698h.png */ = {isa = PBXFileReference; lastKnownFileType = image.png; path = 698h.png; sourceTree = "<group>"; };
		322052272660308D0078A9D5 /* 775h.png */ = {isa = PBXFileReference; lastKnownFileType = image.png; path = 775h.png; sourceTree = "<group>"; };
		322052282660308D0078A9D5 /* 694h.png */ = {isa = PBXFileReference; lastKnownFileType = image.png; path = 694h.png; sourceTree = "<group>"; };
		322052292660308D0078A9D5 /* 692h.png */ = {isa = PBXFileReference; lastKnownFileType = image.png; path = 692h.png; sourceTree = "<group>"; };
		3220522A2660308D0078A9D5 /* 679h.png */ = {isa = PBXFileReference; lastKnownFileType = image.png; path = 679h.png; sourceTree = "<group>"; };
		3220522B2660308D0078A9D5 /* 709h.png */ = {isa = PBXFileReference; lastKnownFileType = image.png; path = 709h.png; sourceTree = "<group>"; };
		3220522C2660308E0078A9D5 /* 773h.png */ = {isa = PBXFileReference; lastKnownFileType = image.png; path = 773h.png; sourceTree = "<group>"; };
		3220522D2660308E0078A9D5 /* 652h.png */ = {isa = PBXFileReference; lastKnownFileType = image.png; path = 652h.png; sourceTree = "<group>"; };
		3220522E2660308E0078A9D5 /* 705h.png */ = {isa = PBXFileReference; lastKnownFileType = image.png; path = 705h.png; sourceTree = "<group>"; };
		3220522F2660308E0078A9D5 /* 900h.png */ = {isa = PBXFileReference; lastKnownFileType = image.png; path = 900h.png; sourceTree = "<group>"; };
		322052302660308E0078A9D5 /* 908h.png */ = {isa = PBXFileReference; lastKnownFileType = image.png; path = 908h.png; sourceTree = "<group>"; };
		322052312660308E0078A9D5 /* 990h.png */ = {isa = PBXFileReference; lastKnownFileType = image.png; path = 990h.png; sourceTree = "<group>"; };
		322052322660308E0078A9D5 /* 989h.png */ = {isa = PBXFileReference; lastKnownFileType = image.png; path = 989h.png; sourceTree = "<group>"; };
		322052332660308E0078A9D5 /* 665h.png */ = {isa = PBXFileReference; lastKnownFileType = image.png; path = 665h.png; sourceTree = "<group>"; };
		322052342660308E0078A9D5 /* 693h.png */ = {isa = PBXFileReference; lastKnownFileType = image.png; path = 693h.png; sourceTree = "<group>"; };
		322052352660308E0078A9D5 /* 781h.png */ = {isa = PBXFileReference; lastKnownFileType = image.png; path = 781h.png; sourceTree = "<group>"; };
		322052362660308E0078A9D5 /* 658h.png */ = {isa = PBXFileReference; lastKnownFileType = image.png; path = 658h.png; sourceTree = "<group>"; };
		322052372660308E0078A9D5 /* 695h.png */ = {isa = PBXFileReference; lastKnownFileType = image.png; path = 695h.png; sourceTree = "<group>"; };
		322052382660308E0078A9D5 /* 677h.png */ = {isa = PBXFileReference; lastKnownFileType = image.png; path = 677h.png; sourceTree = "<group>"; };
		322052392660308E0078A9D5 /* 696h.png */ = {isa = PBXFileReference; lastKnownFileType = image.png; path = 696h.png; sourceTree = "<group>"; };
		3220523A2660308E0078A9D5 /* 901h.png */ = {isa = PBXFileReference; lastKnownFileType = image.png; path = 901h.png; sourceTree = "<group>"; };
		3220523B2660308E0078A9D5 /* 676h.png */ = {isa = PBXFileReference; lastKnownFileType = image.png; path = 676h.png; sourceTree = "<group>"; };
		3220523C2660308E0078A9D5 /* 708h.png */ = {isa = PBXFileReference; lastKnownFileType = image.png; path = 708h.png; sourceTree = "<group>"; };
		3220523D2660308E0078A9D5 /* 706h.png */ = {isa = PBXFileReference; lastKnownFileType = image.png; path = 706h.png; sourceTree = "<group>"; };
		3220523E2660308E0078A9D5 /* 653h.png */ = {isa = PBXFileReference; lastKnownFileType = image.png; path = 653h.png; sourceTree = "<group>"; };
		3220523F2660308E0078A9D5 /* 958h.png */ = {isa = PBXFileReference; lastKnownFileType = image.png; path = 958h.png; sourceTree = "<group>"; };
		322052402660308E0078A9D5 /* 911h.png */ = {isa = PBXFileReference; lastKnownFileType = image.png; path = 911h.png; sourceTree = "<group>"; };
		322052412660308E0078A9D5 /* 663h.png */ = {isa = PBXFileReference; lastKnownFileType = image.png; path = 663h.png; sourceTree = "<group>"; };
		322052422660308E0078A9D5 /* 707h.png */ = {isa = PBXFileReference; lastKnownFileType = image.png; path = 707h.png; sourceTree = "<group>"; };
		322052432660308E0078A9D5 /* 785h.png */ = {isa = PBXFileReference; lastKnownFileType = image.png; path = 785h.png; sourceTree = "<group>"; };
		322052442660308E0078A9D5 /* 899h.png */ = {isa = PBXFileReference; lastKnownFileType = image.png; path = 899h.png; sourceTree = "<group>"; };
		322052452660308E0078A9D5 /* 651h.png */ = {isa = PBXFileReference; lastKnownFileType = image.png; path = 651h.png; sourceTree = "<group>"; };
		322052462660308E0078A9D5 /* 656h.png */ = {isa = PBXFileReference; lastKnownFileType = image.png; path = 656h.png; sourceTree = "<group>"; };
		322052472660308E0078A9D5 /* 650h.png */ = {isa = PBXFileReference; lastKnownFileType = image.png; path = 650h.png; sourceTree = "<group>"; };
		322052482660308E0078A9D5 /* 780h.png */ = {isa = PBXFileReference; lastKnownFileType = image.png; path = 780h.png; sourceTree = "<group>"; };
		322052492660308E0078A9D5 /* 902h.png */ = {isa = PBXFileReference; lastKnownFileType = image.png; path = 902h.png; sourceTree = "<group>"; };
		3220524A2660308E0078A9D5 /* 703h.png */ = {isa = PBXFileReference; lastKnownFileType = image.png; path = 703h.png; sourceTree = "<group>"; };
		3220524B2660308E0078A9D5 /* 704h.png */ = {isa = PBXFileReference; lastKnownFileType = image.png; path = 704h.png; sourceTree = "<group>"; };
		3220524C2660308E0078A9D5 /* 910h.png */ = {isa = PBXFileReference; lastKnownFileType = image.png; path = 910h.png; sourceTree = "<group>"; };
		3220524D2660308F0078A9D5 /* 905h.png */ = {isa = PBXFileReference; lastKnownFileType = image.png; path = 905h.png; sourceTree = "<group>"; };
		3220527E266031AC0078A9D5 /* DataStorage.swift */ = {isa = PBXFileReference; lastKnownFileType = sourcecode.swift; path = DataStorage.swift; sourceTree = "<group>"; };
		32B3E71E264E635A00D9F3AC /* QuestionLoader.swift */ = {isa = PBXFileReference; lastKnownFileType = sourcecode.swift; path = QuestionLoader.swift; sourceTree = "<group>"; };
		32DDE6DB264D644000A251EB /* QuestionModel.swift */ = {isa = PBXFileReference; fileEncoding = 4; lastKnownFileType = sourcecode.swift; path = QuestionModel.swift; sourceTree = "<group>"; };
		32DDE6DC264D644000A251EB /* UserQuestionStatusModel.swift */ = {isa = PBXFileReference; fileEncoding = 4; lastKnownFileType = sourcecode.swift; path = UserQuestionStatusModel.swift; sourceTree = "<group>"; };
		32DDE6EA264D646D00A251EB /* MainView.swift */ = {isa = PBXFileReference; fileEncoding = 4; lastKnownFileType = sourcecode.swift; path = MainView.swift; sourceTree = "<group>"; };
		32DDE6EF264D646D00A251EB /* CustomButtons.swift */ = {isa = PBXFileReference; fileEncoding = 4; lastKnownFileType = sourcecode.swift; path = CustomButtons.swift; sourceTree = "<group>"; };
		32DDE6F0264D646D00A251EB /* InfoModal.swift */ = {isa = PBXFileReference; fileEncoding = 4; lastKnownFileType = sourcecode.swift; path = InfoModal.swift; sourceTree = "<group>"; };
		3F641585264C4CF8002950CF /* HangGai.app */ = {isa = PBXFileReference; explicitFileType = wrapper.application; includeInIndex = 0; path = HangGai.app; sourceTree = BUILT_PRODUCTS_DIR; };
		3F641588264C4CF8002950CF /* HangGaiApp.swift */ = {isa = PBXFileReference; lastKnownFileType = sourcecode.swift; path = HangGaiApp.swift; sourceTree = "<group>"; };
		3F64158C264C4CF9002950CF /* Assets.xcassets */ = {isa = PBXFileReference; lastKnownFileType = folder.assetcatalog; path = Assets.xcassets; sourceTree = "<group>"; };
		3F64158F264C4CF9002950CF /* Preview Assets.xcassets */ = {isa = PBXFileReference; lastKnownFileType = folder.assetcatalog; path = "Preview Assets.xcassets"; sourceTree = "<group>"; };
		3F641591264C4CF9002950CF /* Info.plist */ = {isa = PBXFileReference; lastKnownFileType = text.plist.xml; path = Info.plist; sourceTree = "<group>"; };
		3F6415BA264C518E002950CF /* CustomFuncs.swift */ = {isa = PBXFileReference; fileEncoding = 4; lastKnownFileType = sourcecode.swift; path = CustomFuncs.swift; sourceTree = "<group>"; };
		3F6572DF264FE131004F4650 /* QuestionNavigationModule.swift */ = {isa = PBXFileReference; lastKnownFileType = sourcecode.swift; path = QuestionNavigationModule.swift; sourceTree = "<group>"; };
		3F6572E1264FED06004F4650 /* BoldText.swift */ = {isa = PBXFileReference; lastKnownFileType = sourcecode.swift; path = BoldText.swift; sourceTree = "<group>"; };
		3F6572E526501241004F4650 /* CustomTransitions.swift */ = {isa = PBXFileReference; lastKnownFileType = sourcecode.swift; path = CustomTransitions.swift; sourceTree = "<group>"; };
		3F8F7C232658F56E008AA07A /* BottomToolBox.swift */ = {isa = PBXFileReference; lastKnownFileType = sourcecode.swift; path = BottomToolBox.swift; sourceTree = "<group>"; };
		3FA2B9A7265931B200D35D64 /* QuestionChapterStatus.swift */ = {isa = PBXFileReference; lastKnownFileType = sourcecode.swift; path = QuestionChapterStatus.swift; sourceTree = "<group>"; };
		3FE0B617264FCB94008167E1 /* QuestionModule.swift */ = {isa = PBXFileReference; lastKnownFileType = sourcecode.swift; path = QuestionModule.swift; sourceTree = "<group>"; };
		3FE0B619264FCEB2008167E1 /* QuestionManager.swift */ = {isa = PBXFileReference; lastKnownFileType = sourcecode.swift; path = QuestionManager.swift; sourceTree = "<group>"; };
		3FE0B61C264FD416008167E1 /* UserDataManager.swift */ = {isa = PBXFileReference; lastKnownFileType = sourcecode.swift; path = UserDataManager.swift; sourceTree = "<group>"; };
/* End PBXFileReference section */

/* Begin PBXFrameworksBuildPhase section */
		3F641582264C4CF8002950CF /* Frameworks */ = {
			isa = PBXFrameworksBuildPhase;
			buildActionMask = 2147483647;
			files = (
			);
			runOnlyForDeploymentPostprocessing = 0;
		};
/* End PBXFrameworksBuildPhase section */

/* Begin PBXGroup section */
		3220505926602E6D0078A9D5 /* DB */ = {
			isa = PBXGroup;
			children = (
				3220505A26602E6D0078A9D5 /* questions.db */,
			);
			path = DB;
			sourceTree = "<group>";
		};
		3220505B26602E6D0078A9D5 /* Fonts */ = {
			isa = PBXGroup;
			children = (
				3220505C26602E6D0078A9D5 /* FZSSJW.TTF */,
				3220505D26602E6D0078A9D5 /* SmartFontUI.ttf */,
			);
			path = Fonts;
			sourceTree = "<group>";
		};
		322050F626602EF40078A9D5 /* QuestionImgs */ = {
			isa = PBXGroup;
			children = (
				322052472660308E0078A9D5 /* 650h.png */,
				322052452660308E0078A9D5 /* 651h.png */,
				3220522D2660308E0078A9D5 /* 652h.png */,
				3220523E2660308E0078A9D5 /* 653h.png */,
				322052212660308D0078A9D5 /* 655h.png */,
				322052462660308E0078A9D5 /* 656h.png */,
				322052222660308D0078A9D5 /* 657h.png */,
				322052362660308E0078A9D5 /* 658h.png */,
				322052412660308E0078A9D5 /* 663h.png */,
				322052232660308D0078A9D5 /* 664h.png */,
				322052332660308E0078A9D5 /* 665h.png */,
				3220523B2660308E0078A9D5 /* 676h.png */,
				322052382660308E0078A9D5 /* 677h.png */,
				322052252660308D0078A9D5 /* 678h.png */,
				3220522A2660308D0078A9D5 /* 679h.png */,
				322052292660308D0078A9D5 /* 692h.png */,
				322052342660308E0078A9D5 /* 693h.png */,
				322052282660308D0078A9D5 /* 694h.png */,
				322052372660308E0078A9D5 /* 695h.png */,
				322052392660308E0078A9D5 /* 696h.png */,
				322052242660308D0078A9D5 /* 697h.png */,
				322052262660308D0078A9D5 /* 698h.png */,
				3220524A2660308E0078A9D5 /* 703h.png */,
				3220524B2660308E0078A9D5 /* 704h.png */,
				3220522E2660308E0078A9D5 /* 705h.png */,
				3220523D2660308E0078A9D5 /* 706h.png */,
				322052422660308E0078A9D5 /* 707h.png */,
				3220523C2660308E0078A9D5 /* 708h.png */,
				3220522B2660308D0078A9D5 /* 709h.png */,
				3220522C2660308E0078A9D5 /* 773h.png */,
				322052272660308D0078A9D5 /* 775h.png */,
				3220521F2660308D0078A9D5 /* 779h.png */,
				322052482660308E0078A9D5 /* 780h.png */,
				322052352660308E0078A9D5 /* 781h.png */,
				322052432660308E0078A9D5 /* 785h.png */,
				322052442660308E0078A9D5 /* 899h.png */,
				3220522F2660308E0078A9D5 /* 900h.png */,
				3220523A2660308E0078A9D5 /* 901h.png */,
				322052492660308E0078A9D5 /* 902h.png */,
				3220524D2660308F0078A9D5 /* 905h.png */,
				322052202660308D0078A9D5 /* 906h.png */,
				322052302660308E0078A9D5 /* 908h.png */,
				3220524C2660308E0078A9D5 /* 910h.png */,
				322052402660308E0078A9D5 /* 911h.png */,
				3220523F2660308E0078A9D5 /* 958h.png */,
				322052322660308E0078A9D5 /* 989h.png */,
				322052312660308E0078A9D5 /* 990h.png */,
			);
			path = QuestionImgs;
			sourceTree = "<group>";
		};
		32B3E72D264EAA5300D9F3AC /* Assets */ = {
			isa = PBXGroup;
			children = (
				322050F626602EF40078A9D5 /* QuestionImgs */,
				3220505926602E6D0078A9D5 /* DB */,
				3220505B26602E6D0078A9D5 /* Fonts */,
			);
			path = Assets;
			sourceTree = "<group>";
		};
		32DDE6DA264D644000A251EB /* Models */ = {
			isa = PBXGroup;
			children = (
				32DDE6DB264D644000A251EB /* QuestionModel.swift */,
				32DDE6DC264D644000A251EB /* UserQuestionStatusModel.swift */,
			);
			path = Models;
			sourceTree = "<group>";
		};
		32DDE6E9264D646D00A251EB /* Views */ = {
			isa = PBXGroup;
			children = (
				32DDE6F0264D646D00A251EB /* InfoModal.swift */,
				32DDE6EA264D646D00A251EB /* MainView.swift */,
				32DDE6EE264D646D00A251EB /* Components */,
			);
			path = Views;
			sourceTree = "<group>";
		};
		32DDE6EE264D646D00A251EB /* Components */ = {
			isa = PBXGroup;
			children = (
				32DDE6EF264D646D00A251EB /* CustomButtons.swift */,
				3FE0B617264FCB94008167E1 /* QuestionModule.swift */,
				3F6572DF264FE131004F4650 /* QuestionNavigationModule.swift */,
				3F6572E1264FED06004F4650 /* BoldText.swift */,
				3F8F7C232658F56E008AA07A /* BottomToolBox.swift */,
				3FA2B9A7265931B200D35D64 /* QuestionChapterStatus.swift */,
			);
			path = Components;
			sourceTree = "<group>";
		};
		3F64157C264C4CF8002950CF = {
			isa = PBXGroup;
			children = (
				3F641587264C4CF8002950CF /* HangGai */,
				3F641586264C4CF8002950CF /* Products */,
			);
			sourceTree = "<group>";
		};
		3F641586264C4CF8002950CF /* Products */ = {
			isa = PBXGroup;
			children = (
				3F641585264C4CF8002950CF /* HangGai.app */,
			);
			name = Products;
			sourceTree = "<group>";
		};
		3F641587264C4CF8002950CF /* HangGai */ = {
			isa = PBXGroup;
			children = (
				32B3E72D264EAA5300D9F3AC /* Assets */,
				32DDE6E9264D646D00A251EB /* Views */,
				32DDE6DA264D644000A251EB /* Models */,
				3F6415B9264C5185002950CF /* Utilities */,
				3FE0B61B264FD3CA008167E1 /* ViewModels */,
				3F641588264C4CF8002950CF /* HangGaiApp.swift */,
				3F64158C264C4CF9002950CF /* Assets.xcassets */,
				3F641591264C4CF9002950CF /* Info.plist */,
				3F64158E264C4CF9002950CF /* Preview Content */,
			);
			path = HangGai;
			sourceTree = "<group>";
		};
		3F64158E264C4CF9002950CF /* Preview Content */ = {
			isa = PBXGroup;
			children = (
				3F64158F264C4CF9002950CF /* Preview Assets.xcassets */,
			);
			path = "Preview Content";
			sourceTree = "<group>";
		};
		3F6415B9264C5185002950CF /* Utilities */ = {
			isa = PBXGroup;
			children = (
				3F6415BA264C518E002950CF /* CustomFuncs.swift */,
				32B3E71E264E635A00D9F3AC /* QuestionLoader.swift */,
				3F6572E526501241004F4650 /* CustomTransitions.swift */,
				3220527E266031AC0078A9D5 /* DataStorage.swift */,
			);
			path = Utilities;
			sourceTree = "<group>";
		};
		3FE0B61B264FD3CA008167E1 /* ViewModels */ = {
			isa = PBXGroup;
			children = (
				3FE0B619264FCEB2008167E1 /* QuestionManager.swift */,
				3FE0B61C264FD416008167E1 /* UserDataManager.swift */,
			);
			path = ViewModels;
			sourceTree = "<group>";
		};
/* End PBXGroup section */

/* Begin PBXNativeTarget section */
		3F641584264C4CF8002950CF /* HangGai */ = {
			isa = PBXNativeTarget;
			buildConfigurationList = 3F6415AA264C4CF9002950CF /* Build configuration list for PBXNativeTarget "HangGai" */;
			buildPhases = (
				3F641581264C4CF8002950CF /* Sources */,
				3F641582264C4CF8002950CF /* Frameworks */,
				3F641583264C4CF8002950CF /* Resources */,
			);
			buildRules = (
			);
			dependencies = (
			);
			name = HangGai;
			productName = HangGai;
			productReference = 3F641585264C4CF8002950CF /* HangGai.app */;
			productType = "com.apple.product-type.application";
		};
/* End PBXNativeTarget section */

/* Begin PBXProject section */
		3F64157D264C4CF8002950CF /* Project object */ = {
			isa = PBXProject;
			attributes = {
				LastSwiftUpdateCheck = 1250;
				LastUpgradeCheck = 1250;
				TargetAttributes = {
					3F641584264C4CF8002950CF = {
						CreatedOnToolsVersion = 12.5;
					};
				};
			};
			buildConfigurationList = 3F641580264C4CF8002950CF /* Build configuration list for PBXProject "HangGai" */;
			compatibilityVersion = "Xcode 9.3";
			developmentRegion = en;
			hasScannedForEncodings = 0;
			knownRegions = (
				en,
				Base,
			);
			mainGroup = 3F64157C264C4CF8002950CF;
			productRefGroup = 3F641586264C4CF8002950CF /* Products */;
			projectDirPath = "";
			projectRoot = "";
			targets = (
				3F641584264C4CF8002950CF /* HangGai */,
			);
		};
/* End PBXProject section */

/* Begin PBXResourcesBuildPhase section */
		3F641583264C4CF8002950CF /* Resources */ = {
			isa = PBXResourcesBuildPhase;
			buildActionMask = 2147483647;
			files = (
				3220526C2660308F0078A9D5 /* 706h.png in Resources */,
				322052632660308F0078A9D5 /* 693h.png in Resources */,
				322052702660308F0078A9D5 /* 663h.png in Resources */,
				322052592660308F0078A9D5 /* 679h.png in Resources */,
				322052542660308F0078A9D5 /* 678h.png in Resources */,
				322052512660308F0078A9D5 /* 657h.png in Resources */,
				322052652660308F0078A9D5 /* 658h.png in Resources */,
				3220525F2660308F0078A9D5 /* 908h.png in Resources */,
				322052562660308F0078A9D5 /* 775h.png in Resources */,
				3220524F2660308F0078A9D5 /* 906h.png in Resources */,
				322052682660308F0078A9D5 /* 696h.png in Resources */,
				322052772660308F0078A9D5 /* 780h.png in Resources */,
				322052712660308F0078A9D5 /* 707h.png in Resources */,
				322052762660308F0078A9D5 /* 650h.png in Resources */,
				322052582660308F0078A9D5 /* 692h.png in Resources */,
				3220524E2660308F0078A9D5 /* 779h.png in Resources */,
				3F641590264C4CF9002950CF /* Preview Assets.xcassets in Resources */,
				322052502660308F0078A9D5 /* 655h.png in Resources */,
				322052792660308F0078A9D5 /* 703h.png in Resources */,
				3220525D2660308F0078A9D5 /* 705h.png in Resources */,
				3220525A2660308F0078A9D5 /* 709h.png in Resources */,
				3220527B2660308F0078A9D5 /* 910h.png in Resources */,
				322052612660308F0078A9D5 /* 989h.png in Resources */,
				3220525B2660308F0078A9D5 /* 773h.png in Resources */,
				322052642660308F0078A9D5 /* 781h.png in Resources */,
				3F64158D264C4CF9002950CF /* Assets.xcassets in Resources */,
				3220525C2660308F0078A9D5 /* 652h.png in Resources */,
				322050F226602E6D0078A9D5 /* FZSSJW.TTF in Resources */,
				322052732660308F0078A9D5 /* 899h.png in Resources */,
				322052552660308F0078A9D5 /* 698h.png in Resources */,
				322052522660308F0078A9D5 /* 664h.png in Resources */,
				322052752660308F0078A9D5 /* 656h.png in Resources */,
				322052782660308F0078A9D5 /* 902h.png in Resources */,
				3220527A2660308F0078A9D5 /* 704h.png in Resources */,
				3220526F2660308F0078A9D5 /* 911h.png in Resources */,
				322050F326602E6D0078A9D5 /* SmartFontUI.ttf in Resources */,
				3220526A2660308F0078A9D5 /* 676h.png in Resources */,
				3220526D2660308F0078A9D5 /* 653h.png in Resources */,
				322052692660308F0078A9D5 /* 901h.png in Resources */,
				3220525E2660308F0078A9D5 /* 900h.png in Resources */,
				3220526E2660308F0078A9D5 /* 958h.png in Resources */,
				3220526B2660308F0078A9D5 /* 708h.png in Resources */,
				322052572660308F0078A9D5 /* 694h.png in Resources */,
				322052622660308F0078A9D5 /* 665h.png in Resources */,
				322052602660308F0078A9D5 /* 990h.png in Resources */,
				322052662660308F0078A9D5 /* 695h.png in Resources */,
				322050F126602E6D0078A9D5 /* questions.db in Resources */,
				322052722660308F0078A9D5 /* 785h.png in Resources */,
				322052672660308F0078A9D5 /* 677h.png in Resources */,
				3220527C2660308F0078A9D5 /* 905h.png in Resources */,
				322052532660308F0078A9D5 /* 697h.png in Resources */,
				322052742660308F0078A9D5 /* 651h.png in Resources */,
			);
			runOnlyForDeploymentPostprocessing = 0;
		};
/* End PBXResourcesBuildPhase section */

/* Begin PBXSourcesBuildPhase section */
		3F641581264C4CF8002950CF /* Sources */ = {
			isa = PBXSourcesBuildPhase;
			buildActionMask = 2147483647;
			files = (
				3F6572E2264FED06004F4650 /* BoldText.swift in Sources */,
				32DDE6DE264D644000A251EB /* UserQuestionStatusModel.swift in Sources */,
				3F641589264C4CF8002950CF /* HangGaiApp.swift in Sources */,
				3220527F266031AC0078A9D5 /* DataStorage.swift in Sources */,
				32DDE6DD264D644000A251EB /* QuestionModel.swift in Sources */,
				3F6572E0264FE131004F4650 /* QuestionNavigationModule.swift in Sources */,
				3FE0B61A264FCEB2008167E1 /* QuestionManager.swift in Sources */,
				3FE0B61D264FD416008167E1 /* UserDataManager.swift in Sources */,
				32B3E71F264E635A00D9F3AC /* QuestionLoader.swift in Sources */,
				32DDE6F1264D646D00A251EB /* MainView.swift in Sources */,
				3FA2B9A8265931B200D35D64 /* QuestionChapterStatus.swift in Sources */,
				3FE0B618264FCB94008167E1 /* QuestionModule.swift in Sources */,
				32DDE6F5264D646D00A251EB /* InfoModal.swift in Sources */,
				32DDE6F4264D646D00A251EB /* CustomButtons.swift in Sources */,
				3F6415BB264C518E002950CF /* CustomFuncs.swift in Sources */,
				3F8F7C242658F56E008AA07A /* BottomToolBox.swift in Sources */,
				3F6572E626501241004F4650 /* CustomTransitions.swift in Sources */,
			);
			runOnlyForDeploymentPostprocessing = 0;
		};
/* End PBXSourcesBuildPhase section */

/* Begin XCBuildConfiguration section */
		3F6415A8264C4CF9002950CF /* Debug */ = {
			isa = XCBuildConfiguration;
			buildSettings = {
				ALWAYS_SEARCH_USER_PATHS = NO;
				CLANG_ANALYZER_NONNULL = YES;
				CLANG_ANALYZER_NUMBER_OBJECT_CONVERSION = YES_AGGRESSIVE;
				CLANG_CXX_LANGUAGE_STANDARD = "gnu++14";
				CLANG_CXX_LIBRARY = "libc++";
				CLANG_ENABLE_MODULES = YES;
				CLANG_ENABLE_OBJC_ARC = YES;
				CLANG_ENABLE_OBJC_WEAK = YES;
				CLANG_WARN_BLOCK_CAPTURE_AUTORELEASING = YES;
				CLANG_WARN_BOOL_CONVERSION = YES;
				CLANG_WARN_COMMA = YES;
				CLANG_WARN_CONSTANT_CONVERSION = YES;
				CLANG_WARN_DEPRECATED_OBJC_IMPLEMENTATIONS = YES;
				CLANG_WARN_DIRECT_OBJC_ISA_USAGE = YES_ERROR;
				CLANG_WARN_DOCUMENTATION_COMMENTS = YES;
				CLANG_WARN_EMPTY_BODY = YES;
				CLANG_WARN_ENUM_CONVERSION = YES;
				CLANG_WARN_INFINITE_RECURSION = YES;
				CLANG_WARN_INT_CONVERSION = YES;
				CLANG_WARN_NON_LITERAL_NULL_CONVERSION = YES;
				CLANG_WARN_OBJC_IMPLICIT_RETAIN_SELF = YES;
				CLANG_WARN_OBJC_LITERAL_CONVERSION = YES;
				CLANG_WARN_OBJC_ROOT_CLASS = YES_ERROR;
				CLANG_WARN_QUOTED_INCLUDE_IN_FRAMEWORK_HEADER = YES;
				CLANG_WARN_RANGE_LOOP_ANALYSIS = YES;
				CLANG_WARN_STRICT_PROTOTYPES = YES;
				CLANG_WARN_SUSPICIOUS_MOVE = YES;
				CLANG_WARN_UNGUARDED_AVAILABILITY = YES_AGGRESSIVE;
				CLANG_WARN_UNREACHABLE_CODE = YES;
				CLANG_WARN__DUPLICATE_METHOD_MATCH = YES;
				COPY_PHASE_STRIP = NO;
				DEBUG_INFORMATION_FORMAT = dwarf;
				ENABLE_STRICT_OBJC_MSGSEND = YES;
				ENABLE_TESTABILITY = YES;
				GCC_C_LANGUAGE_STANDARD = gnu11;
				GCC_DYNAMIC_NO_PIC = NO;
				GCC_NO_COMMON_BLOCKS = YES;
				GCC_OPTIMIZATION_LEVEL = 0;
				GCC_PREPROCESSOR_DEFINITIONS = (
					"DEBUG=1",
					"$(inherited)",
				);
				GCC_WARN_64_TO_32_BIT_CONVERSION = YES;
				GCC_WARN_ABOUT_RETURN_TYPE = YES_ERROR;
				GCC_WARN_UNDECLARED_SELECTOR = YES;
				GCC_WARN_UNINITIALIZED_AUTOS = YES_AGGRESSIVE;
				GCC_WARN_UNUSED_FUNCTION = YES;
				GCC_WARN_UNUSED_VARIABLE = YES;
				IPHONEOS_DEPLOYMENT_TARGET = 14.5;
				MTL_ENABLE_DEBUG_INFO = INCLUDE_SOURCE;
				MTL_FAST_MATH = YES;
				ONLY_ACTIVE_ARCH = YES;
				SDKROOT = iphoneos;
				SWIFT_ACTIVE_COMPILATION_CONDITIONS = DEBUG;
				SWIFT_OPTIMIZATION_LEVEL = "-Onone";
			};
			name = Debug;
		};
		3F6415A9264C4CF9002950CF /* Release */ = {
			isa = XCBuildConfiguration;
			buildSettings = {
				ALWAYS_SEARCH_USER_PATHS = NO;
				CLANG_ANALYZER_NONNULL = YES;
				CLANG_ANALYZER_NUMBER_OBJECT_CONVERSION = YES_AGGRESSIVE;
				CLANG_CXX_LANGUAGE_STANDARD = "gnu++14";
				CLANG_CXX_LIBRARY = "libc++";
				CLANG_ENABLE_MODULES = YES;
				CLANG_ENABLE_OBJC_ARC = YES;
				CLANG_ENABLE_OBJC_WEAK = YES;
				CLANG_WARN_BLOCK_CAPTURE_AUTORELEASING = YES;
				CLANG_WARN_BOOL_CONVERSION = YES;
				CLANG_WARN_COMMA = YES;
				CLANG_WARN_CONSTANT_CONVERSION = YES;
				CLANG_WARN_DEPRECATED_OBJC_IMPLEMENTATIONS = YES;
				CLANG_WARN_DIRECT_OBJC_ISA_USAGE = YES_ERROR;
				CLANG_WARN_DOCUMENTATION_COMMENTS = YES;
				CLANG_WARN_EMPTY_BODY = YES;
				CLANG_WARN_ENUM_CONVERSION = YES;
				CLANG_WARN_INFINITE_RECURSION = YES;
				CLANG_WARN_INT_CONVERSION = YES;
				CLANG_WARN_NON_LITERAL_NULL_CONVERSION = YES;
				CLANG_WARN_OBJC_IMPLICIT_RETAIN_SELF = YES;
				CLANG_WARN_OBJC_LITERAL_CONVERSION = YES;
				CLANG_WARN_OBJC_ROOT_CLASS = YES_ERROR;
				CLANG_WARN_QUOTED_INCLUDE_IN_FRAMEWORK_HEADER = YES;
				CLANG_WARN_RANGE_LOOP_ANALYSIS = YES;
				CLANG_WARN_STRICT_PROTOTYPES = YES;
				CLANG_WARN_SUSPICIOUS_MOVE = YES;
				CLANG_WARN_UNGUARDED_AVAILABILITY = YES_AGGRESSIVE;
				CLANG_WARN_UNREACHABLE_CODE = YES;
				CLANG_WARN__DUPLICATE_METHOD_MATCH = YES;
				COPY_PHASE_STRIP = NO;
				DEBUG_INFORMATION_FORMAT = "dwarf-with-dsym";
				ENABLE_NS_ASSERTIONS = NO;
				ENABLE_STRICT_OBJC_MSGSEND = YES;
				GCC_C_LANGUAGE_STANDARD = gnu11;
				GCC_NO_COMMON_BLOCKS = YES;
				GCC_WARN_64_TO_32_BIT_CONVERSION = YES;
				GCC_WARN_ABOUT_RETURN_TYPE = YES_ERROR;
				GCC_WARN_UNDECLARED_SELECTOR = YES;
				GCC_WARN_UNINITIALIZED_AUTOS = YES_AGGRESSIVE;
				GCC_WARN_UNUSED_FUNCTION = YES;
				GCC_WARN_UNUSED_VARIABLE = YES;
				IPHONEOS_DEPLOYMENT_TARGET = 14.5;
				MTL_ENABLE_DEBUG_INFO = NO;
				MTL_FAST_MATH = YES;
				SDKROOT = iphoneos;
				SWIFT_COMPILATION_MODE = wholemodule;
				SWIFT_OPTIMIZATION_LEVEL = "-O";
				VALIDATE_PRODUCT = YES;
			};
			name = Release;
		};
		3F6415AB264C4CF9002950CF /* Debug */ = {
			isa = XCBuildConfiguration;
			buildSettings = {
				ASSETCATALOG_COMPILER_APPICON_NAME = AppIcon;
				ASSETCATALOG_COMPILER_GLOBAL_ACCENT_COLOR_NAME = AccentColor;
				CODE_SIGN_STYLE = Automatic;
				DEVELOPMENT_ASSET_PATHS = "\"HangGai/Preview Content\"";
				DEVELOPMENT_TEAM = ZMTNTXNK98;
				ENABLE_PREVIEWS = YES;
				INFOPLIST_FILE = HangGai/Info.plist;
				IPHONEOS_DEPLOYMENT_TARGET = 14.0;
				LD_RUNPATH_SEARCH_PATHS = (
					"$(inherited)",
					"@executable_path/Frameworks",
				);
				PRODUCT_BUNDLE_IDENTIFIER = Taki.HangGai;
				PRODUCT_NAME = "$(TARGET_NAME)";
				SWIFT_VERSION = 5.0;
				TARGETED_DEVICE_FAMILY = "1,2";
			};
			name = Debug;
		};
		3F6415AC264C4CF9002950CF /* Release */ = {
			isa = XCBuildConfiguration;
			buildSettings = {
				ASSETCATALOG_COMPILER_APPICON_NAME = AppIcon;
				ASSETCATALOG_COMPILER_GLOBAL_ACCENT_COLOR_NAME = AccentColor;
				CODE_SIGN_STYLE = Automatic;
				DEVELOPMENT_ASSET_PATHS = "\"HangGai/Preview Content\"";
				DEVELOPMENT_TEAM = ZMTNTXNK98;
				ENABLE_PREVIEWS = YES;
				INFOPLIST_FILE = HangGai/Info.plist;
				IPHONEOS_DEPLOYMENT_TARGET = 14.0;
				LD_RUNPATH_SEARCH_PATHS = (
					"$(inherited)",
					"@executable_path/Frameworks",
				);
				PRODUCT_BUNDLE_IDENTIFIER = Taki.HangGai;
				PRODUCT_NAME = "$(TARGET_NAME)";
				SWIFT_VERSION = 5.0;
				TARGETED_DEVICE_FAMILY = "1,2";
			};
			name = Release;
		};
/* End XCBuildConfiguration section */

/* Begin XCConfigurationList section */
		3F641580264C4CF8002950CF /* Build configuration list for PBXProject "HangGai" */ = {
			isa = XCConfigurationList;
			buildConfigurations = (
				3F6415A8264C4CF9002950CF /* Debug */,
				3F6415A9264C4CF9002950CF /* Release */,
			);
			defaultConfigurationIsVisible = 0;
			defaultConfigurationName = Release;
		};
		3F6415AA264C4CF9002950CF /* Build configuration list for PBXNativeTarget "HangGai" */ = {
			isa = XCConfigurationList;
			buildConfigurations = (
				3F6415AB264C4CF9002950CF /* Debug */,
				3F6415AC264C4CF9002950CF /* Release */,
			);
			defaultConfigurationIsVisible = 0;
			defaultConfigurationName = Release;
		};
/* End XCConfigurationList section */
	};
	rootObject = 3F64157D264C4CF8002950CF /* Project object */;
}
